Microsoft Visual Studio Solution File, Format Version 12.00
# Visual Studio Version 17
VisualStudioVersion = 17.9.34723.18
MinimumVisualStudioVersion = 10.0.40219.1
Project("{9A19103F-16F7-4668-BE54-9A1E7A4F7556}") = "LoggerModule", "LoggerModule\LoggerModule.csproj", "{DC2010CA-FA3C-436E-8163-DB8F1516A0F6}"
EndProject
Project("{9A19103F-16F7-4668-BE54-9A1E7A4F7556}") = "AppDirectoryModule", "..\AppDirectory\AppDirectory\AppDirectoryModule.csproj", "{5844D61B-3A13-4C50-90CE-EA5F9B5567BA}"
EndProject
Global
	GlobalSection(SolutionConfigurationPlatforms) = preSolution
		Debug|Any CPU = Debug|Any CPU
		Release|Any CPU = Release|Any CPU
	EndGlobalSection
	GlobalSection(ProjectConfigurationPlatforms) = postSolution
		{DC2010CA-FA3C-436E-8163-DB8F1516A0F6}.Debug|Any CPU.ActiveCfg = Debug|Any CPU
		{DC2010CA-FA3C-436E-8163-DB8F1516A0F6}.Debug|Any CPU.Build.0 = Debug|Any CPU
		{DC2010CA-FA3C-436E-8163-DB8F1516A0F6}.Release|Any CPU.ActiveCfg = Release|Any CPU
		{DC2010CA-FA3C-436E-8163-DB8F1516A0F6}.Release|Any CPU.Build.0 = Release|Any CPU
		{5844D61B-3A13-4C50-90CE-EA5F9B5567BA}.Debug|Any CPU.ActiveCfg = Debug|Any CPU
		{5844D61B-3A13-4C50-90CE-EA5F9B5567BA}.Debug|Any CPU.Build.0 = Debug|Any CPU
		{5844D61B-3A13-4C50-90CE-EA5F9B5567BA}.Release|Any CPU.ActiveCfg = Release|Any CPU
		{5844D61B-3A13-4C50-90CE-EA5F9B5567BA}.Release|Any CPU.Build.0 = Release|Any CPU
	EndGlobalSection
	GlobalSection(SolutionProperties) = preSolution
		HideSolutionNode = FALSE
	EndGlobalSection
	GlobalSection(ExtensibilityGlobals) = postSolution
		SolutionGuid = {63427B58-A634-4FDB-9B39-C18D6C8D51A0}
	EndGlobalSection
EndGlobal
